Microsoft Visual Studio Solution File, Format Version 12.00
# Visual Studio Version 17
VisualStudioVersion = 17.5.2.0
MinimumVisualStudioVersion = 10.0.40219.1
Project("{FAE04EC0-301F-11D3-BF4B-00C04F79EFBC}") = "Cue", "Cue.csproj", "{751ED60F-00FF-0A88-D0F7-E364E13739C3}"
EndProject
Global
	GlobalSection(SolutionConfigurationPlatforms) = preSolution
		Debug|Any CPU = Debug|Any CPU
		Release|Any CPU = Release|Any CPU
	EndGlobalSection
	GlobalSection(ProjectConfigurationPlatforms) = postSolution
		{751ED60F-00FF-0A88-D0F7-E364E13739C3}.Debug|Any CPU.ActiveCfg = Debug|Any CPU
		{751ED60F-00FF-0A88-D0F7-E364E13739C3}.Debug|Any CPU.Build.0 = Debug|Any CPU
		{751ED60F-00FF-0A88-D0F7-E364E13739C3}.Release|Any CPU.ActiveCfg = Release|Any CPU
		{751ED60F-00FF-0A88-D0F7-E364E13739C3}.Release|Any CPU.Build.0 = Release|Any CPU
	EndGlobalSection
	GlobalSection(SolutionProperties) = preSolution
		HideSolutionNode = FALSE
	EndGlobalSection
	GlobalSection(ExtensibilityGlobals) = postSolution
		SolutionGuid = {128A0D4D-4860-4792-B385-3FD42694BCD1}
	EndGlobalSection
EndGlobal
